
Microsoft Visual Studio Solution File, Format Version 12.00
# Visual Studio Version 17
VisualStudioVersion = 17.5.002.0
MinimumVisualStudioVersion = 10.0.40219.1
Project("{9A19103F-16F7-4668-BE54-9A1E7A4F7556}") = "UserApp", "UserApp.csproj", "{5F6CCEAF-725D-4730-8E33-2BB051855C96}"
EndProject
Global
	GlobalSection(SolutionConfigurationPlatforms) = preSolution
		Debug|Any CPU = Debug|Any CPU
		Release|Any CPU = Release|Any CPU
	EndGlobalSection
	GlobalSection(ProjectConfigurationPlatforms) = postSolution
		{5F6CCEAF-725D-4730-8E33-2BB051855C96}.Debug|Any CPU.ActiveCfg = Debug|Any CPU
		{5F6CCEAF-725D-4730-8E33-2BB051855C96}.Debug|Any CPU.Build.0 = Debug|Any CPU
		{5F6CCEAF-725D-4730-8E33-2BB051855C96}.Release|Any CPU.ActiveCfg = Release|Any CPU
		{5F6CCEAF-725D-4730-8E33-2BB051855C96}.Release|Any CPU.Build.0 = Release|Any CPU
	EndGlobalSection
	GlobalSection(SolutionProperties) = preSolution
		HideSolutionNode = FALSE
	EndGlobalSection
	GlobalSection(ExtensibilityGlobals) = postSolution
		SolutionGuid = {299DAA46-D4B1-455C-8F8A-A83AC072467A}
	EndGlobalSection
EndGlobal
