
Microsoft Visual Studio Solution File, Format Version 12.00
# Visual Studio Version 17
VisualStudioVersion = 17.8.34316.72
MinimumVisualStudioVersion = 10.0.40219.1
Project("{FAE04EC0-301F-11D3-BF4B-00C04F79EFBC}") = "EFCoreBt23", "EFCoreBt23\EFCoreBt23.csproj", "{020B1594-550A-405B-976B-513268F5427F}"
EndProject
Global
	GlobalSection(SolutionConfigurationPlatforms) = preSolution
		Debug|Any CPU = Debug|Any CPU
		Release|Any CPU = Release|Any CPU
	EndGlobalSection
	GlobalSection(ProjectConfigurationPlatforms) = postSolution
		{020B1594-550A-405B-976B-513268F5427F}.Debug|Any CPU.ActiveCfg = Debug|Any CPU
		{020B1594-550A-405B-976B-513268F5427F}.Debug|Any CPU.Build.0 = Debug|Any CPU
		{020B1594-550A-405B-976B-513268F5427F}.Release|Any CPU.ActiveCfg = Release|Any CPU
		{020B1594-550A-405B-976B-513268F5427F}.Release|Any CPU.Build.0 = Release|Any CPU
	EndGlobalSection
	GlobalSection(SolutionProperties) = preSolution
		HideSolutionNode = FALSE
	EndGlobalSection
	GlobalSection(ExtensibilityGlobals) = postSolution
		SolutionGuid = {6580C073-5DA1-480D-9F11-851B409BA0EF}
	EndGlobalSection
EndGlobal
